%{
  "glob_ex": {:hex, :glob_ex, "0.1.9", "b97a25392f5339e49f587e5b24c468c6a4f38299febd5ec85c5f8bb2e42b5c1e", [:mix], [], "hexpm", "be72e584ad1d8776a4d134d4b6da1bac8b80b515cdadf0120e0920b9978d7f01"},
  "igniter": {:git, "https://github.com/ash-project/igniter.git", "7ad13a5977036aad84a738af5720e1df1c8f1162", [branch: "main"]},
  "jason": {:hex, :jason, "1.4.4", "b9226785a9aa77b6857ca22832cffa5d5011a667207eb2a0ad56adb5db443b8a", [:mix], [{:decimal, "~> 1.0 or ~> 2.0", [hex: :decimal, repo: "hexpm", optional: true]}], "hexpm", "c5eb0cab91f094599f94d55bc63409236a8ec69a21a67814529e8d5f6cc90b3b"},
  "rewrite": {:hex, :rewrite, "0.10.5", "6afadeae0b9d843b27ac6225e88e165884875e0aed333ef4ad3bf36f9c101bed", [:mix], [{:glob_ex, "~> 0.1", [hex: :glob_ex, repo: "hexpm", optional: false]}, {:sourceror, "~> 1.0", [hex: :sourceror, repo: "hexpm", optional: false]}], "hexpm", "51cc347a4269ad3a1e7a2c4122dbac9198302b082f5615964358b4635ebf3d4f"},
  "sourceror": {:hex, :sourceror, "1.6.0", "9907884e1449a4bd7dbaabe95088ed4d9a09c3c791fb0103964e6316bc9448a7", [:mix], [], "hexpm", "e90aef8c82dacf32c89c8ef83d1416fc343cd3e5556773eeffd2c1e3f991f699"},
  "spitfire": {:hex, :spitfire, "0.1.3", "7ea0f544005dfbe48e615ed90250c9a271bfe126914012023fd5e4b6b82b7ec7", [:mix], [], "hexpm", "d53b5107bcff526a05c5bb54c95e77b36834550affd5830c9f58760e8c543657"},
}
